{
    "_readme": [
        "This file locks the dependencies of your project to a known state",
        "Read more about it at https://getcomposer.org/doc/01-basic-usage.md#installing-dependencies",
        "This file is @generated automatically"
    ],
    "content-hash": "d517947c202008d6fe48958a776440f0",
    "packages": [
        {
            "name": "jwilsson/spotify-web-api-php",
            "version": "6.0.1",
            "source": {
                "type": "git",
                "url": "https://github.com/jwilsson/spotify-web-api-php.git",
                "reference": "a75f78d5c27a71eeae4682e6299a83dbb67a6093"
            },
            "dist": {
                "type": "zip",
                "url": "https://api.github.com/repos/jwilsson/spotify-web-api-php/zipball/a75f78d5c27a71eeae4682e6299a83dbb67a6093",
                "reference": "a75f78d5c27a71eeae4682e6299a83dbb67a6093",
                "shasum": ""
            },
            "require": {
                "ext-curl": "*",
                "php": "^8.1"
            },
            "require-dev": {
                "php-coveralls/php-coveralls": "^2.5",
                "php-mock/php-mock-phpunit": "^2.7",
                "phpunit/phpunit": "^10.2",
                "squizlabs/php_codesniffer": "^3.0"
            },
            "type": "library",
            "autoload": {
                "psr-4": {
                    "SpotifyWebAPI\\": "src/"
                }
            },
            "notification-url": "https://packagist.org/downloads/",
            "license": [
                "MIT"
            ],
            "authors": [
                {
                    "name": "Jonathan Wilsson",
                    "email": "jonathan.wilsson@gmail.com"
                }
            ],
            "description": "A PHP wrapper for Spotify's Web API.",
            "homepage": "https://github.com/jwilsson/spotify-web-api-php",
            "keywords": [
                "spotify"
            ],
            "support": {
                "issues": "https://github.com/jwilsson/spotify-web-api-php/issues",
                "source": "https://github.com/jwilsson/spotify-web-api-php/tree/6.0.1"
            },
            "time": "2023-08-01T17:40:53+00:00"
        }
    ],
    "packages-dev": [],
    "aliases": [],
    "minimum-stability": "stable",
    "stability-flags": [],
    "prefer-stable": false,
    "prefer-lowest": false,
    "platform": [],
    "platform-dev": [],
    "plugin-api-version": "2.6.0"
}
